// !$*UTF8*$!
{
	archiveVersion = 1;
	classes = {
	};
	objectVersion = 48;
	objects = {

/* Begin PBXBuildFile section */
		125603C8509BCA5E4744DEB6 /* Pods_MovieApp.framework in Frameworks */ = {isa = PBXBuildFile; fileRef = D2A3DB6DD6CAE86223846C83 /* Pods_MovieApp.framework */; };
		6E0A595C1F9E03BA00853526 /* AllGenresVC.swift in Sources */ = {isa = PBXBuildFile; fileRef = 6E0A595B1F9E03BA00853526 /* AllGenresVC.swift */; };
		6E0A595E1F9E0CF000853526 /* GenreSelectedVC.swift in Sources */ = {isa = PBXBuildFile; fileRef = 6E0A595D1F9E0CF000853526 /* GenreSelectedVC.swift */; };
		6E0CAA211F913A50001301F2 /* AppDelegate.swift in Sources */ = {isa = PBXBuildFile; fileRef = 6E0CAA201F913A50001301F2 /* AppDelegate.swift */; };
		6E0CAA261F913A50001301F2 /* Main.storyboard in Resources */ = {isa = PBXBuildFile; fileRef = 6E0CAA241F913A50001301F2 /* Main.storyboard */; };
		6E0CAA291F913A50001301F2 /* MovieApp.xcdatamodeld in Sources */ = {isa = PBXBuildFile; fileRef = 6E0CAA271F913A50001301F2 /* MovieApp.xcdatamodeld */; };
		6E0CAA2B1F913A50001301F2 /* Assets.xcassets in Resources */ = {isa = PBXBuildFile; fileRef = 6E0CAA2A1F913A50001301F2 /* Assets.xcassets */; };
		6E0CAA2E1F913A50001301F2 /* LaunchScreen.storyboard in Resources */ = {isa = PBXBuildFile; fileRef = 6E0CAA2C1F913A50001301F2 /* LaunchScreen.storyboard */; };
		6E0CAA391F913A50001301F2 /* MovieAppTests.swift in Sources */ = {isa = PBXBuildFile; fileRef = 6E0CAA381F913A50001301F2 /* MovieAppTests.swift */; };
		6E0CAA441F913A50001301F2 /* MovieAppUITests.swift in Sources */ = {isa = PBXBuildFile; fileRef = 6E0CAA431F913A50001301F2 /* MovieAppUITests.swift */; };
		6E0CAA521F913A79001301F2 /* AllMoviesVC.swift in Sources */ = {isa = PBXBuildFile; fileRef = 6E0CAA511F913A79001301F2 /* AllMoviesVC.swift */; };
		6E0CAA541F914310001301F2 /* CollectionViewCell.swift in Sources */ = {isa = PBXBuildFile; fileRef = 6E0CAA531F914310001301F2 /* CollectionViewCell.swift */; };
		6E2EDAF71F922E8C00DE0755 /* MovieDetailedVC.swift in Sources */ = {isa = PBXBuildFile; fileRef = 6E2EDAF61F922E8C00DE0755 /* MovieDetailedVC.swift */; };
		6E2EDAFB1F9259DC00DE0755 /* TableViewCell.swift in Sources */ = {isa = PBXBuildFile; fileRef = 6E2EDAFA1F9259DC00DE0755 /* TableViewCell.swift */; };
		6E3BEDB81F9FC0F90060A3F1 /* JobsDetailedVC.swift in Sources */ = {isa = PBXBuildFile; fileRef = 6E3BEDB71F9FC0F90060A3F1 /* JobsDetailedVC.swift */; };
		6E3ECD871F9F8528005F7B4B /* SettingsVC.swift in Sources */ = {isa = PBXBuildFile; fileRef = 6E3ECD861F9F8528005F7B4B /* SettingsVC.swift */; };
		6E3ECD891F9F9A4D005F7B4B /* JobsVC.swift in Sources */ = {isa = PBXBuildFile; fileRef = 6E3ECD881F9F9A4D005F7B4B /* JobsVC.swift */; };
		6E64F4FB1F9A447000781D3A /* AllSeriesVC.swift in Sources */ = {isa = PBXBuildFile; fileRef = 6E64F4FA1F9A447000781D3A /* AllSeriesVC.swift */; };
		6E64F4FD1F9A69FE00781D3A /* SeriesCheckedVC.swift in Sources */ = {isa = PBXBuildFile; fileRef = 6E64F4FC1F9A69FE00781D3A /* SeriesCheckedVC.swift */; };
		6E94740A1F95615400EB2DB6 /* MoviesCheckedVC.swift in Sources */ = {isa = PBXBuildFile; fileRef = 6E9474091F95615400EB2DB6 /* MoviesCheckedVC.swift */; };
		BBC3CB6F20E24996009E18A3 /* Movies.swift in Sources */ = {isa = PBXBuildFile; fileRef = BBC3CB6E20E24996009E18A3 /* Movies.swift */; };
		BBC3CB7120E257E3009E18A3 /* UIExtensions.swift in Sources */ = {isa = PBXBuildFile; fileRef = BBC3CB7020E257E3009E18A3 /* UIExtensions.swift */; };
		BBC3CB7320E260CB009E18A3 /* Series.swift in Sources */ = {isa = PBXBuildFile; fileRef = BBC3CB7220E260CB009E18A3 /* Series.swift */; };
		BBC3CB7520E2686D009E18A3 /* Genres.swift in Sources */ = {isa = PBXBuildFile; fileRef = BBC3CB7420E2686D009E18A3 /* Genres.swift */; };
		BBC3CB7720E27238009E18A3 /* CoreDataVariables.swift in Sources */ = {isa = PBXBuildFile; fileRef = BBC3CB7620E27238009E18A3 /* CoreDataVariables.swift */; };
		BBC3CB7920E2730B009E18A3 /* Jobs.swift in Sources */ = {isa = PBXBuildFile; fileRef = BBC3CB7820E2730B009E18A3 /* Jobs.swift */; };
		D74A35CCF2F8A438E65153ED /* Pods_MovieAppTests.framework in Frameworks */ = {isa = PBXBuildFile; fileRef = 2D5945BD935B0AD2C220F725 /* Pods_MovieAppTests.framework */; };
		E4044638B68493F8DDBC20CD /* Pods_MovieAppUITests.framework in Frameworks */ = {isa = PBXBuildFile; fileRef = 0B6ED1BF9D554CC3CB11A095 /* Pods_MovieAppUITests.framework */; };
/* End PBXBuildFile section */

/* Begin PBXContainerItemProxy section */
		6E0CAA351F913A50001301F2 /* PBXContainerItemProxy */ = {
			isa = PBXContainerItemProxy;
			containerPortal = 6E0CAA151F913A50001301F2 /* Project object */;
			proxyType = 1;
			remoteGlobalIDString = 6E0CAA1C1F913A50001301F2;
			remoteInfo = MovieApp;
		};
		6E0CAA401F913A50001301F2 /* PBXContainerItemProxy */ = {
			isa = PBXContainerItemProxy;
			containerPortal = 6E0CAA151F913A50001301F2 /* Project object */;
			proxyType = 1;
			remoteGlobalIDString = 6E0CAA1C1F913A50001301F2;
			remoteInfo = MovieApp;
		};
/* End PBXContainerItemProxy section */

/* Begin PBXFileReference section */
		007B56967FC17AF4F51351D8 /* Pods-MovieApp.debug.xcconfig */ = {isa = PBXFileReference; includeInIndex = 1; lastKnownFileType = text.xcconfig; name = "Pods-MovieApp.debug.xcconfig"; path = "Pods/Target Support Files/Pods-MovieApp/Pods-MovieApp.debug.xcconfig"; sourceTree = "<group>"; };
		0B6ED1BF9D554CC3CB11A095 /* Pods_MovieAppUITests.framework */ = {isa = PBXFileReference; explicitFileType = wrapper.framework; includeInIndex = 0; path = Pods_MovieAppUITests.framework; sourceTree = BUILT_PRODUCTS_DIR; };
		2D5945BD935B0AD2C220F725 /* Pods_MovieAppTests.framework */ = {isa = PBXFileReference; explicitFileType = wrapper.framework; includeInIndex = 0; path = Pods_MovieAppTests.framework; sourceTree = BUILT_PRODUCTS_DIR; };
		605F61E01A649DE5DFBA9D8F /* Pods-MovieApp.release.xcconfig */ = {isa = PBXFileReference; includeInIndex = 1; lastKnownFileType = text.xcconfig; name = "Pods-MovieApp.release.xcconfig"; path = "Pods/Target Support Files/Pods-MovieApp/Pods-MovieApp.release.xcconfig"; sourceTree = "<group>"; };
		6E0A595B1F9E03BA00853526 /* AllGenresVC.swift */ = {isa = PBXFileReference; lastKnownFileType = sourcecode.swift; path = AllGenresVC.swift; sourceTree = "<group>"; };
		6E0A595D1F9E0CF000853526 /* GenreSelectedVC.swift */ = {isa = PBXFileReference; lastKnownFileType = sourcecode.swift; path = GenreSelectedVC.swift; sourceTree = "<group>"; };
		6E0CAA1D1F913A50001301F2 /* MovieApp.app */ = {isa = PBXFileReference; explicitFileType = wrapper.application; includeInIndex = 0; path = MovieApp.app; sourceTree = BUILT_PRODUCTS_DIR; };
		6E0CAA201F913A50001301F2 /* AppDelegate.swift */ = {isa = PBXFileReference; lastKnownFileType = sourcecode.swift; path = AppDelegate.swift; sourceTree = "<group>"; };
		6E0CAA251F913A50001301F2 /* Base */ = {isa = PBXFileReference; lastKnownFileType = file.storyboard; name = Base; path = Base.lproj/Main.storyboard; sourceTree = "<group>"; };
		6E0CAA281F913A50001301F2 /* MovieApp.xcdatamodel */ = {isa = PBXFileReference; lastKnownFileType = wrapper.xcdatamodel; path = MovieApp.xcdatamodel; sourceTree = "<group>"; };
		6E0CAA2A1F913A50001301F2 /* Assets.xcassets */ = {isa = PBXFileReference; lastKnownFileType = folder.assetcatalog; path = Assets.xcassets; sourceTree = "<group>"; };
		6E0CAA2D1F913A50001301F2 /* Base */ = {isa = PBXFileReference; lastKnownFileType = file.storyboard; name = Base; path = Base.lproj/LaunchScreen.storyboard; sourceTree = "<group>"; };
		6E0CAA2F1F913A50001301F2 /* Info.plist */ = {isa = PBXFileReference; lastKnownFileType = text.plist.xml; path = Info.plist; sourceTree = "<group>"; };
		6E0CAA341F913A50001301F2 /* MovieAppTests.xctest */ = {isa = PBXFileReference; explicitFileType = wrapper.cfbundle; includeInIndex = 0; path = MovieAppTests.xctest; sourceTree = BUILT_PRODUCTS_DIR; };
		6E0CAA381F913A50001301F2 /* MovieAppTests.swift */ = {isa = PBXFileReference; lastKnownFileType = sourcecode.swift; path = MovieAppTests.swift; sourceTree = "<group>"; };
		6E0CAA3A1F913A50001301F2 /* Info.plist */ = {isa = PBXFileReference; lastKnownFileType = text.plist.xml; path = Info.plist; sourceTree = "<group>"; };
		6E0CAA3F1F913A50001301F2 /* MovieAppUITests.xctest */ = {isa = PBXFileReference; explicitFileType = wrapper.cfbundle; includeInIndex = 0; path = MovieAppUITests.xctest; sourceTree = BUILT_PRODUCTS_DIR; };
		6E0CAA431F913A50001301F2 /* MovieAppUITests.swift */ = {isa = PBXFileReference; lastKnownFileType = sourcecode.swift; path = MovieAppUITests.swift; sourceTree = "<group>"; };
		6E0CAA451F913A50001301F2 /* Info.plist */ = {isa = PBXFileReference; lastKnownFileType = text.plist.xml; path = Info.plist; sourceTree = "<group>"; };
		6E0CAA511F913A79001301F2 /* AllMoviesVC.swift */ = {isa = PBXFileReference; lastKnownFileType = sourcecode.swift; path = AllMoviesVC.swift; sourceTree = "<group>"; };
		6E0CAA531F914310001301F2 /* CollectionViewCell.swift */ = {isa = PBXFileReference; lastKnownFileType = sourcecode.swift; path = CollectionViewCell.swift; sourceTree = "<group>"; };
		6E2EDAF61F922E8C00DE0755 /* MovieDetailedVC.swift */ = {isa = PBXFileReference; lastKnownFileType = sourcecode.swift; path = MovieDetailedVC.swift; sourceTree = "<group>"; };
		6E2EDAFA1F9259DC00DE0755 /* TableViewCell.swift */ = {isa = PBXFileReference; lastKnownFileType = sourcecode.swift; path = TableViewCell.swift; sourceTree = "<group>"; };
		6E3BEDB71F9FC0F90060A3F1 /* JobsDetailedVC.swift */ = {isa = PBXFileReference; lastKnownFileType = sourcecode.swift; path = JobsDetailedVC.swift; sourceTree = "<group>"; };
		6E3ECD861F9F8528005F7B4B /* SettingsVC.swift */ = {isa = PBXFileReference; lastKnownFileType = sourcecode.swift; path = SettingsVC.swift; sourceTree = "<group>"; };
		6E3ECD881F9F9A4D005F7B4B /* JobsVC.swift */ = {isa = PBXFileReference; lastKnownFileType = sourcecode.swift; path = JobsVC.swift; sourceTree = "<group>"; };
		6E64F4FA1F9A447000781D3A /* AllSeriesVC.swift */ = {isa = PBXFileReference; lastKnownFileType = sourcecode.swift; path = AllSeriesVC.swift; sourceTree = "<group>"; };
		6E64F4FC1F9A69FE00781D3A /* SeriesCheckedVC.swift */ = {isa = PBXFileReference; lastKnownFileType = sourcecode.swift; path = SeriesCheckedVC.swift; sourceTree = "<group>"; };
		6E9474091F95615400EB2DB6 /* MoviesCheckedVC.swift */ = {isa = PBXFileReference; lastKnownFileType = sourcecode.swift; path = MoviesCheckedVC.swift; sourceTree = "<group>"; };
		6EA29FB31F9A0946009949DA /* MovieApp.entitlements */ = {isa = PBXFileReference; lastKnownFileType = text.plist.entitlements; path = MovieApp.entitlements; sourceTree = "<group>"; };
		70668858541B617BF3BEB148 /* Pods-MovieAppUITests.release.xcconfig */ = {isa = PBXFileReference; includeInIndex = 1; lastKnownFileType = text.xcconfig; name = "Pods-MovieAppUITests.release.xcconfig"; path = "Pods/Target Support Files/Pods-MovieAppUITests/Pods-MovieAppUITests.release.xcconfig"; sourceTree = "<group>"; };
		B82E22148E31319D6E8CD6D5 /* Pods-MovieAppUITests.debug.xcconfig */ = {isa = PBXFileReference; includeInIndex = 1; lastKnownFileType = text.xcconfig; name = "Pods-MovieAppUITests.debug.xcconfig"; path = "Pods/Target Support Files/Pods-MovieAppUITests/Pods-MovieAppUITests.debug.xcconfig"; sourceTree = "<group>"; };
		BBC3CB6E20E24996009E18A3 /* Movies.swift */ = {isa = PBXFileReference; lastKnownFileType = sourcecode.swift; path = Movies.swift; sourceTree = "<group>"; };
		BBC3CB7020E257E3009E18A3 /* UIExtensions.swift */ = {isa = PBXFileReference; lastKnownFileType = sourcecode.swift; path = UIExtensions.swift; sourceTree = "<group>"; };
		BBC3CB7220E260CB009E18A3 /* Series.swift */ = {isa = PBXFileReference; lastKnownFileType = sourcecode.swift; path = Series.swift; sourceTree = "<group>"; };
		BBC3CB7420E2686D009E18A3 /* Genres.swift */ = {isa = PBXFileReference; lastKnownFileType = sourcecode.swift; path = Genres.swift; sourceTree = "<group>"; };
		BBC3CB7620E27238009E18A3 /* CoreDataVariables.swift */ = {isa = PBXFileReference; lastKnownFileType = sourcecode.swift; path = CoreDataVariables.swift; sourceTree = "<group>"; };
		BBC3CB7820E2730B009E18A3 /* Jobs.swift */ = {isa = PBXFileReference; lastKnownFileType = sourcecode.swift; path = Jobs.swift; sourceTree = "<group>"; };
		CCF63E473883B858FB756005 /* Pods-MovieAppTests.release.xcconfig */ = {isa = PBXFileReference; includeInIndex = 1; lastKnownFileType = text.xcconfig; name = "Pods-MovieAppTests.release.xcconfig"; path = "Pods/Target Support Files/Pods-MovieAppTests/Pods-MovieAppTests.release.xcconfig"; sourceTree = "<group>"; };
		D2A3DB6DD6CAE86223846C83 /* Pods_MovieApp.framework */ = {isa = PBXFileReference; explicitFileType = wrapper.framework; includeInIndex = 0; path = Pods_MovieApp.framework; sourceTree = BUILT_PRODUCTS_DIR; };
		D5AA9BA71FD66CAA44A1C2BD /* Pods-MovieAppTests.debug.xcconfig */ = {isa = PBXFileReference; includeInIndex = 1; lastKnownFileType = text.xcconfig; name = "Pods-MovieAppTests.debug.xcconfig"; path = "Pods/Target Support Files/Pods-MovieAppTests/Pods-MovieAppTests.debug.xcconfig"; sourceTree = "<group>"; };
/* End PBXFileReference section */

/* Begin PBXFrameworksBuildPhase section */
		6E0CAA1A1F913A50001301F2 /* Frameworks */ = {
			isa = PBXFrameworksBuildPhase;
			buildActionMask = 2147483647;
			files = (
				125603C8509BCA5E4744DEB6 /* Pods_MovieApp.framework in Frameworks */,
			);
			runOnlyForDeploymentPostprocessing = 0;
		};
		6E0CAA311F913A50001301F2 /* Frameworks */ = {
			isa = PBXFrameworksBuildPhase;
			buildActionMask = 2147483647;
			files = (
				D74A35CCF2F8A438E65153ED /* Pods_MovieAppTests.framework in Frameworks */,
			);
			runOnlyForDeploymentPostprocessing = 0;
		};
		6E0CAA3C1F913A50001301F2 /* Frameworks */ = {
			isa = PBXFrameworksBuildPhase;
			buildActionMask = 2147483647;
			files = (
				E4044638B68493F8DDBC20CD /* Pods_MovieAppUITests.framework in Frameworks */,
			);
			runOnlyForDeploymentPostprocessing = 0;
		};
/* End PBXFrameworksBuildPhase section */

/* Begin PBXGroup section */
		67B53A9F34B3453895E816C9 /* Pods */ = {
			isa = PBXGroup;
			children = (
				007B56967FC17AF4F51351D8 /* Pods-MovieApp.debug.xcconfig */,
				605F61E01A649DE5DFBA9D8F /* Pods-MovieApp.release.xcconfig */,
				D5AA9BA71FD66CAA44A1C2BD /* Pods-MovieAppTests.debug.xcconfig */,
				CCF63E473883B858FB756005 /* Pods-MovieAppTests.release.xcconfig */,
				B82E22148E31319D6E8CD6D5 /* Pods-MovieAppUITests.debug.xcconfig */,
				70668858541B617BF3BEB148 /* Pods-MovieAppUITests.release.xcconfig */,
			);
			name = Pods;
			sourceTree = "<group>";
		};
		6E0CAA141F913A50001301F2 = {
			isa = PBXGroup;
			children = (
				6E0CAA1F1F913A50001301F2 /* MovieApp */,
				6E0CAA371F913A50001301F2 /* MovieAppTests */,
				6E0CAA421F913A50001301F2 /* MovieAppUITests */,
				6E0CAA1E1F913A50001301F2 /* Products */,
				67B53A9F34B3453895E816C9 /* Pods */,
				D0E5DCCBB3CA0290A96714E5 /* Frameworks */,
			);
			sourceTree = "<group>";
		};
		6E0CAA1E1F913A50001301F2 /* Products */ = {
			isa = PBXGroup;
			children = (
				6E0CAA1D1F913A50001301F2 /* MovieApp.app */,
				6E0CAA341F913A50001301F2 /* MovieAppTests.xctest */,
				6E0CAA3F1F913A50001301F2 /* MovieAppUITests.xctest */,
			);
			name = Products;
			sourceTree = "<group>";
		};
		6E0CAA1F1F913A50001301F2 /* MovieApp */ = {
			isa = PBXGroup;
			children = (
				6EA29FB31F9A0946009949DA /* MovieApp.entitlements */,
				6E0CAA201F913A50001301F2 /* AppDelegate.swift */,
				6E0CAA2F1F913A50001301F2 /* Info.plist */,
				BBC3CB6C20E24865009E18A3 /* Model */,
				6E2EDAF91F922E9B00DE0755 /* Views */,
				6E2EDAF81F922E9300DE0755 /* Controllers */,
				BBC3CB6D20E248E4009E18A3 /* Supporting Files */,
			);
			path = MovieApp;
			sourceTree = "<group>";
		};
		6E0CAA371F913A50001301F2 /* MovieAppTests */ = {
			isa = PBXGroup;
			children = (
				6E0CAA381F913A50001301F2 /* MovieAppTests.swift */,
				6E0CAA3A1F913A50001301F2 /* Info.plist */,
			);
			path = MovieAppTests;
			sourceTree = "<group>";
		};
		6E0CAA421F913A50001301F2 /* MovieAppUITests */ = {
			isa = PBXGroup;
			children = (
				6E0CAA431F913A50001301F2 /* MovieAppUITests.swift */,
				6E0CAA451F913A50001301F2 /* Info.plist */,
			);
			path = MovieAppUITests;
			sourceTree = "<group>";
		};
		6E2EDAF81F922E9300DE0755 /* Controllers */ = {
			isa = PBXGroup;
			children = (
				6E0CAA511F913A79001301F2 /* AllMoviesVC.swift */,
				6E64F4FA1F9A447000781D3A /* AllSeriesVC.swift */,
				6E0A595B1F9E03BA00853526 /* AllGenresVC.swift */,
				6E0A595D1F9E0CF000853526 /* GenreSelectedVC.swift */,
				6E2EDAF61F922E8C00DE0755 /* MovieDetailedVC.swift */,
				6E9474091F95615400EB2DB6 /* MoviesCheckedVC.swift */,
				6E64F4FC1F9A69FE00781D3A /* SeriesCheckedVC.swift */,
				6E3ECD861F9F8528005F7B4B /* SettingsVC.swift */,
				6E3ECD881F9F9A4D005F7B4B /* JobsVC.swift */,
				6E3BEDB71F9FC0F90060A3F1 /* JobsDetailedVC.swift */,
			);
			path = Controllers;
			sourceTree = "<group>";
		};
		6E2EDAF91F922E9B00DE0755 /* Views */ = {
			isa = PBXGroup;
			children = (
				6E0CAA531F914310001301F2 /* CollectionViewCell.swift */,
				6E2EDAFA1F9259DC00DE0755 /* TableViewCell.swift */,
				6E0CAA241F913A50001301F2 /* Main.storyboard */,
			);
			path = Views;
			sourceTree = "<group>";
		};
		BBC3CB6C20E24865009E18A3 /* Model */ = {
			isa = PBXGroup;
			children = (
				6E0CAA271F913A50001301F2 /* MovieApp.xcdatamodeld */,
				BBC3CB6E20E24996009E18A3 /* Movies.swift */,
				BBC3CB7220E260CB009E18A3 /* Series.swift */,
				BBC3CB7420E2686D009E18A3 /* Genres.swift */,
				BBC3CB7820E2730B009E18A3 /* Jobs.swift */,
				BBC3CB7620E27238009E18A3 /* CoreDataVariables.swift */,
			);
			path = Model;
			sourceTree = "<group>";
		};
		BBC3CB6D20E248E4009E18A3 /* Supporting Files */ = {
			isa = PBXGroup;
			children = (
				6E0CAA2A1F913A50001301F2 /* Assets.xcassets */,
				BBC3CB7020E257E3009E18A3 /* UIExtensions.swift */,
				6E0CAA2C1F913A50001301F2 /* LaunchScreen.storyboard */,
			);
			path = "Supporting Files";
			sourceTree = "<group>";
		};
		D0E5DCCBB3CA0290A96714E5 /* Frameworks */ = {
			isa = PBXGroup;
			children = (
				D2A3DB6DD6CAE86223846C83 /* Pods_MovieApp.framework */,
				2D5945BD935B0AD2C220F725 /* Pods_MovieAppTests.framework */,
				0B6ED1BF9D554CC3CB11A095 /* Pods_MovieAppUITests.framework */,
			);
			name = Frameworks;
			sourceTree = "<group>";
		};
/* End PBXGroup section */

/* Begin PBXNativeTarget section */
		6E0CAA1C1F913A50001301F2 /* MovieApp */ = {
			isa = PBXNativeTarget;
			buildConfigurationList = 6E0CAA481F913A50001301F2 /* Build configuration list for PBXNativeTarget "MovieApp" */;
			buildPhases = (
				72A2AF15EF5B54C8137031B5 /* [CP] Check Pods Manifest.lock */,
				6E0CAA191F913A50001301F2 /* Sources */,
				6E0CAA1A1F913A50001301F2 /* Frameworks */,
				6E0CAA1B1F913A50001301F2 /* Resources */,
				385F516B04B7966273745BD9 /* [CP] Embed Pods Frameworks */,
				B68E08249B1D6D120D377079 /* [CP] Copy Pods Resources */,
			);
			buildRules = (
			);
			dependencies = (
			);
			name = MovieApp;
			productName = MovieApp;
			productReference = 6E0CAA1D1F913A50001301F2 /* MovieApp.app */;
			productType = "com.apple.product-type.application";
		};
		6E0CAA331F913A50001301F2 /* MovieAppTests */ = {
			isa = PBXNativeTarget;
			buildConfigurationList = 6E0CAA4B1F913A50001301F2 /* Build configuration list for PBXNativeTarget "MovieAppTests" */;
			buildPhases = (
				D7E8BC7A22712FBEB1996619 /* [CP] Check Pods Manifest.lock */,
				6E0CAA301F913A50001301F2 /* Sources */,
				6E0CAA311F913A50001301F2 /* Frameworks */,
				6E0CAA321F913A50001301F2 /* Resources */,
				309532E1A02230587EB6185F /* [CP] Embed Pods Frameworks */,
				66610E5D1F23E1C379824D2D /* [CP] Copy Pods Resources */,
			);
			buildRules = (
			);
			dependencies = (
				6E0CAA361F913A50001301F2 /* PBXTargetDependency */,
			);
			name = MovieAppTests;
			productName = MovieAppTests;
			productReference = 6E0CAA341F913A50001301F2 /* MovieAppTests.xctest */;
			productType = "com.apple.product-type.bundle.unit-test";
		};
		6E0CAA3E1F913A50001301F2 /* MovieAppUITests */ = {
			isa = PBXNativeTarget;
			buildConfigurationList = 6E0CAA4E1F913A50001301F2 /* Build configuration list for PBXNativeTarget "MovieAppUITests" */;
			buildPhases = (
				5C9D40C41E8B9E088047A49C /* [CP] Check Pods Manifest.lock */,
				6E0CAA3B1F913A50001301F2 /* Sources */,
				6E0CAA3C1F913A50001301F2 /* Frameworks */,
				6E0CAA3D1F913A50001301F2 /* Resources */,
				9F2EEBF4B401BBDAF7450896 /* [CP] Embed Pods Frameworks */,
				D9A7393BD2B639E4D854E6E0 /* [CP] Copy Pods Resources */,
			);
			buildRules = (
			);
			dependencies = (
				6E0CAA411F913A50001301F2 /* PBXTargetDependency */,
			);
			name = MovieAppUITests;
			productName = MovieAppUITests;
			productReference = 6E0CAA3F1F913A50001301F2 /* MovieAppUITests.xctest */;
			productType = "com.apple.product-type.bundle.ui-testing";
		};
/* End PBXNativeTarget section */

/* Begin PBXProject section */
		6E0CAA151F913A50001301F2 /* Project object */ = {
			isa = PBXProject;
			attributes = {
				LastSwiftUpdateCheck = 0900;
				LastUpgradeCheck = 0900;
				ORGANIZATIONNAME = "Nacho MAC";
				TargetAttributes = {
					6E0CAA1C1F913A50001301F2 = {
						CreatedOnToolsVersion = 9.0;
						ProvisioningStyle = Automatic;
						SystemCapabilities = {
							com.apple.WAC = {
								enabled = 0;
							};
						};
					};
					6E0CAA331F913A50001301F2 = {
						CreatedOnToolsVersion = 9.0;
						ProvisioningStyle = Automatic;
						TestTargetID = 6E0CAA1C1F913A50001301F2;
					};
					6E0CAA3E1F913A50001301F2 = {
						CreatedOnToolsVersion = 9.0;
						ProvisioningStyle = Automatic;
						TestTargetID = 6E0CAA1C1F913A50001301F2;
					};
				};
			};
			buildConfigurationList = 6E0CAA181F913A50001301F2 /* Build configuration list for PBXProject "MovieApp" */;
			compatibilityVersion = "Xcode 8.0";
			developmentRegion = en;
			hasScannedForEncodings = 0;
			knownRegions = (
				en,
				Base,
			);
			mainGroup = 6E0CAA141F913A50001301F2;
			productRefGroup = 6E0CAA1E1F913A50001301F2 /* Products */;
			projectDirPath = "";
			projectRoot = "";
			targets = (
				6E0CAA1C1F913A50001301F2 /* MovieApp */,
				6E0CAA331F913A50001301F2 /* MovieAppTests */,
				6E0CAA3E1F913A50001301F2 /* MovieAppUITests */,
			);
		};
/* End PBXProject section */

/* Begin PBXResourcesBuildPhase section */
		6E0CAA1B1F913A50001301F2 /* Resources */ = {
			isa = PBXResourcesBuildPhase;
			buildActionMask = 2147483647;
			files = (
				6E0CAA2E1F913A50001301F2 /* LaunchScreen.storyboard in Resources */,
				6E0CAA2B1F913A50001301F2 /* Assets.xcassets in Resources */,
				6E0CAA261F913A50001301F2 /* Main.storyboard in Resources */,
			);
			runOnlyForDeploymentPostprocessing = 0;
		};
		6E0CAA321F913A50001301F2 /* Resources */ = {
			isa = PBXResourcesBuildPhase;
			buildActionMask = 2147483647;
			files = (
			);
			runOnlyForDeploymentPostprocessing = 0;
		};
		6E0CAA3D1F913A50001301F2 /* Resources */ = {
			isa = PBXResourcesBuildPhase;
			buildActionMask = 2147483647;
			files = (
			);
			runOnlyForDeploymentPostprocessing = 0;
		};
/* End PBXResourcesBuildPhase section */

/* Begin PBXShellScriptBuildPhase section */
		309532E1A02230587EB6185F /* [CP] Embed Pods Frameworks */ = {
			isa = PBXShellScriptBuildPhase;
			buildActionMask = 2147483647;
			files = (
			);
			inputPaths = (
			);
			name = "[CP] Embed Pods Frameworks";
			outputPaths = (
			);
			runOnlyForDeploymentPostprocessing = 0;
			shellPath = /bin/sh;
			shellScript = "\"${SRCROOT}/Pods/Target Support Files/Pods-MovieAppTests/Pods-MovieAppTests-frameworks.sh\"\n";
			showEnvVarsInLog = 0;
		};
		385F516B04B7966273745BD9 /* [CP] Embed Pods Frameworks */ = {
			isa = PBXShellScriptBuildPhase;
			buildActionMask = 2147483647;
			files = (
			);
			inputPaths = (
			);
			name = "[CP] Embed Pods Frameworks";
			outputPaths = (
			);
			runOnlyForDeploymentPostprocessing = 0;
			shellPath = /bin/sh;
			shellScript = "\"${SRCROOT}/Pods/Target Support Files/Pods-MovieApp/Pods-MovieApp-frameworks.sh\"\n";
			showEnvVarsInLog = 0;
		};
		5C9D40C41E8B9E088047A49C /* [CP] Check Pods Manifest.lock */ = {
			isa = PBXShellScriptBuildPhase;
			buildActionMask = 2147483647;
			files = (
			);
			inputPaths = (
			);
			name = "[CP] Check Pods Manifest.lock";
			outputPaths = (
			);
			runOnlyForDeploymentPostprocessing = 0;
			shellPath = /bin/sh;
			shellScript = "diff \"${PODS_ROOT}/../Podfile.lock\" \"${PODS_ROOT}/Manifest.lock\" > /dev/null\nif [ $? != 0 ] ; then\n    # print error to STDERR\n    echo \"error: The sandbox is not in sync with the Podfile.lock. Run 'pod install' or update your CocoaPods installation.\" >&2\n    exit 1\nfi\n";
			showEnvVarsInLog = 0;
		};
		66610E5D1F23E1C379824D2D /* [CP] Copy Pods Resources */ = {
			isa = PBXShellScriptBuildPhase;
			buildActionMask = 2147483647;
			files = (
			);
			inputPaths = (
			);
			name = "[CP] Copy Pods Resources";
			outputPaths = (
			);
			runOnlyForDeploymentPostprocessing = 0;
			shellPath = /bin/sh;
			shellScript = "\"${SRCROOT}/Pods/Target Support Files/Pods-MovieAppTests/Pods-MovieAppTests-resources.sh\"\n";
			showEnvVarsInLog = 0;
		};
		72A2AF15EF5B54C8137031B5 /* [CP] Check Pods Manifest.lock */ = {
			isa = PBXShellScriptBuildPhase;
			buildActionMask = 2147483647;
			files = (
			);
			inputPaths = (
			);
			name = "[CP] Check Pods Manifest.lock";
			outputPaths = (
			);
			runOnlyForDeploymentPostprocessing = 0;
			shellPath = /bin/sh;
			shellScript = "diff \"${PODS_ROOT}/../Podfile.lock\" \"${PODS_ROOT}/Manifest.lock\" > /dev/null\nif [ $? != 0 ] ; then\n    # print error to STDERR\n    echo \"error: The sandbox is not in sync with the Podfile.lock. Run 'pod install' or update your CocoaPods installation.\" >&2\n    exit 1\nfi\n";
			showEnvVarsInLog = 0;
		};
		9F2EEBF4B401BBDAF7450896 /* [CP] Embed Pods Frameworks */ = {
			isa = PBXShellScriptBuildPhase;
			buildActionMask = 2147483647;
			files = (
			);
			inputPaths = (
			);
			name = "[CP] Embed Pods Frameworks";
			outputPaths = (
			);
			runOnlyForDeploymentPostprocessing = 0;
			shellPath = /bin/sh;
			shellScript = "\"${SRCROOT}/Pods/Target Support Files/Pods-MovieAppUITests/Pods-MovieAppUITests-frameworks.sh\"\n";
			showEnvVarsInLog = 0;
		};
		B68E08249B1D6D120D377079 /* [CP] Copy Pods Resources */ = {
			isa = PBXShellScriptBuildPhase;
			buildActionMask = 2147483647;
			files = (
			);
			inputPaths = (
			);
			name = "[CP] Copy Pods Resources";
			outputPaths = (
			);
			runOnlyForDeploymentPostprocessing = 0;
			shellPath = /bin/sh;
			shellScript = "\"${SRCROOT}/Pods/Target Support Files/Pods-MovieApp/Pods-MovieApp-resources.sh\"\n";
			showEnvVarsInLog = 0;
		};
		D7E8BC7A22712FBEB1996619 /* [CP] Check Pods Manifest.lock */ = {
			isa = PBXShellScriptBuildPhase;
			buildActionMask = 2147483647;
			files = (
			);
			inputPaths = (
			);
			name = "[CP] Check Pods Manifest.lock";
			outputPaths = (
			);
			runOnlyForDeploymentPostprocessing = 0;
			shellPath = /bin/sh;
			shellScript = "diff \"${PODS_ROOT}/../Podfile.lock\" \"${PODS_ROOT}/Manifest.lock\" > /dev/null\nif [ $? != 0 ] ; then\n    # print error to STDERR\n    echo \"error: The sandbox is not in sync with the Podfile.lock. Run 'pod install' or update your CocoaPods installation.\" >&2\n    exit 1\nfi\n";
			showEnvVarsInLog = 0;
		};
		D9A7393BD2B639E4D854E6E0 /* [CP] Copy Pods Resources */ = {
			isa = PBXShellScriptBuildPhase;
			buildActionMask = 2147483647;
			files = (
			);
			inputPaths = (
			);
			name = "[CP] Copy Pods Resources";
			outputPaths = (
			);
			runOnlyForDeploymentPostprocessing = 0;
			shellPath = /bin/sh;
			shellScript = "\"${SRCROOT}/Pods/Target Support Files/Pods-MovieAppUITests/Pods-MovieAppUITests-resources.sh\"\n";
			showEnvVarsInLog = 0;
		};
/* End PBXShellScriptBuildPhase section */

/* Begin PBXSourcesBuildPhase section */
		6E0CAA191F913A50001301F2 /* Sources */ = {
			isa = PBXSourcesBuildPhase;
			buildActionMask = 2147483647;
			files = (
				6E0CAA541F914310001301F2 /* CollectionViewCell.swift in Sources */,
				6E64F4FB1F9A447000781D3A /* AllSeriesVC.swift in Sources */,
				6E0A595C1F9E03BA00853526 /* AllGenresVC.swift in Sources */,
				6E0CAA521F913A79001301F2 /* AllMoviesVC.swift in Sources */,
				6E3ECD891F9F9A4D005F7B4B /* JobsVC.swift in Sources */,
				BBC3CB6F20E24996009E18A3 /* Movies.swift in Sources */,
				6E64F4FD1F9A69FE00781D3A /* SeriesCheckedVC.swift in Sources */,
				BBC3CB7920E2730B009E18A3 /* Jobs.swift in Sources */,
				6E3ECD871F9F8528005F7B4B /* SettingsVC.swift in Sources */,
				BBC3CB7720E27238009E18A3 /* CoreDataVariables.swift in Sources */,
				6E0A595E1F9E0CF000853526 /* GenreSelectedVC.swift in Sources */,
				BBC3CB7520E2686D009E18A3 /* Genres.swift in Sources */,
				6E0CAA211F913A50001301F2 /* AppDelegate.swift in Sources */,
				6E3BEDB81F9FC0F90060A3F1 /* JobsDetailedVC.swift in Sources */,
				BBC3CB7320E260CB009E18A3 /* Series.swift in Sources */,
				BBC3CB7120E257E3009E18A3 /* UIExtensions.swift in Sources */,
				6E94740A1F95615400EB2DB6 /* MoviesCheckedVC.swift in Sources */,
				6E2EDAFB1F9259DC00DE0755 /* TableViewCell.swift in Sources */,
				6E2EDAF71F922E8C00DE0755 /* MovieDetailedVC.swift in Sources */,
				6E0CAA291F913A50001301F2 /* MovieApp.xcdatamodeld in Sources */,
			);
			runOnlyForDeploymentPostprocessing = 0;
		};
		6E0CAA301F913A50001301F2 /* Sources */ = {
			isa = PBXSourcesBuildPhase;
			buildActionMask = 2147483647;
			files = (
				6E0CAA391F913A50001301F2 /* MovieAppTests.swift in Sources */,
			);
			runOnlyForDeploymentPostprocessing = 0;
		};
		6E0CAA3B1F913A50001301F2 /* Sources */ = {
			isa = PBXSourcesBuildPhase;
			buildActionMask = 2147483647;
			files = (
				6E0CAA441F913A50001301F2 /* MovieAppUITests.swift in Sources */,
			);
			runOnlyForDeploymentPostprocessing = 0;
		};
/* End PBXSourcesBuildPhase section */

/* Begin PBXTargetDependency section */
		6E0CAA361F913A50001301F2 /* PBXTargetDependency */ = {
			isa = PBXTargetDependency;
			target = 6E0CAA1C1F913A50001301F2 /* MovieApp */;
			targetProxy = 6E0CAA351F913A50001301F2 /* PBXContainerItemProxy */;
		};
		6E0CAA411F913A50001301F2 /* PBXTargetDependency */ = {
			isa = PBXTargetDependency;
			target = 6E0CAA1C1F913A50001301F2 /* MovieApp */;
			targetProxy = 6E0CAA401F913A50001301F2 /* PBXContainerItemProxy */;
		};
/* End PBXTargetDependency section */

/* Begin PBXVariantGroup section */
		6E0CAA241F913A50001301F2 /* Main.storyboard */ = {
			isa = PBXVariantGroup;
			children = (
				6E0CAA251F913A50001301F2 /* Base */,
			);
			name = Main.storyboard;
			sourceTree = "<group>";
		};
		6E0CAA2C1F913A50001301F2 /* LaunchScreen.storyboard */ = {
			isa = PBXVariantGroup;
			children = (
				6E0CAA2D1F913A50001301F2 /* Base */,
			);
			name = LaunchScreen.storyboard;
			sourceTree = "<group>";
		};
/* End PBXVariantGroup section */

/* Begin XCBuildConfiguration section */
		6E0CAA461F913A50001301F2 /* Debug */ = {
			isa = XCBuildConfiguration;
			buildSettings = {
				ALWAYS_SEARCH_USER_PATHS = NO;
				CLANG_ANALYZER_NONNULL = YES;
				CLANG_ANALYZER_NUMBER_OBJECT_CONVERSION = YES_AGGRESSIVE;
				CLANG_CXX_LANGUAGE_STANDARD = "gnu++14";
				CLANG_CXX_LIBRARY = "libc++";
				CLANG_ENABLE_MODULES = YES;
				CLANG_ENABLE_OBJC_ARC = YES;
				CLANG_WARN_BLOCK_CAPTURE_AUTORELEASING = YES;
				CLANG_WARN_BOOL_CONVERSION = YES;
				CLANG_WARN_COMMA = YES;
				CLANG_WARN_CONSTANT_CONVERSION = YES;
				CLANG_WARN_DIRECT_OBJC_ISA_USAGE = YES_ERROR;
				CLANG_WARN_DOCUMENTATION_COMMENTS = YES;
				CLANG_WARN_EMPTY_BODY = YES;
				CLANG_WARN_ENUM_CONVERSION = YES;
				CLANG_WARN_INFINITE_RECURSION = YES;
				CLANG_WARN_INT_CONVERSION = YES;
				CLANG_WARN_NON_LITERAL_NULL_CONVERSION = YES;
				CLANG_WARN_OBJC_LITERAL_CONVERSION = YES;
				CLANG_WARN_OBJC_ROOT_CLASS = YES_ERROR;
				CLANG_WARN_RANGE_LOOP_ANALYSIS = YES;
				CLANG_WARN_STRICT_PROTOTYPES = YES;
				CLANG_WARN_SUSPICIOUS_MOVE = YES;
				CLANG_WARN_UNGUARDED_AVAILABILITY = YES_AGGRESSIVE;
				CLANG_WARN_UNREACHABLE_CODE = YES;
				CLANG_WARN__DUPLICATE_METHOD_MATCH = YES;
				CODE_SIGN_IDENTITY = "iPhone Developer";
				COPY_PHASE_STRIP = NO;
				DEBUG_INFORMATION_FORMAT = dwarf;
				ENABLE_STRICT_OBJC_MSGSEND = YES;
				ENABLE_TESTABILITY = YES;
				GCC_C_LANGUAGE_STANDARD = gnu11;
				GCC_DYNAMIC_NO_PIC = NO;
				GCC_NO_COMMON_BLOCKS = YES;
				GCC_OPTIMIZATION_LEVEL = 0;
				GCC_PREPROCESSOR_DEFINITIONS = (
					"DEBUG=1",
					"$(inherited)",
				);
				GCC_WARN_64_TO_32_BIT_CONVERSION = YES;
				GCC_WARN_ABOUT_RETURN_TYPE = YES_ERROR;
				GCC_WARN_UNDECLARED_SELECTOR = YES;
				GCC_WARN_UNINITIALIZED_AUTOS = YES_AGGRESSIVE;
				GCC_WARN_UNUSED_FUNCTION = YES;
				GCC_WARN_UNUSED_VARIABLE = YES;
				IPHONEOS_DEPLOYMENT_TARGET = 11.0;
				MTL_ENABLE_DEBUG_INFO = YES;
				ONLY_ACTIVE_ARCH = YES;
				SDKROOT = iphoneos;
				SWIFT_ACTIVE_COMPILATION_CONDITIONS = DEBUG;
				SWIFT_OPTIMIZATION_LEVEL = "-Onone";
			};
			name = Debug;
		};
		6E0CAA471F913A50001301F2 /* Release */ = {
			isa = XCBuildConfiguration;
			buildSettings = {
				ALWAYS_SEARCH_USER_PATHS = NO;
				CLANG_ANALYZER_NONNULL = YES;
				CLANG_ANALYZER_NUMBER_OBJECT_CONVERSION = YES_AGGRESSIVE;
				CLANG_CXX_LANGUAGE_STANDARD = "gnu++14";
				CLANG_CXX_LIBRARY = "libc++";
				CLANG_ENABLE_MODULES = YES;
				CLANG_ENABLE_OBJC_ARC = YES;
				CLANG_WARN_BLOCK_CAPTURE_AUTORELEASING = YES;
				CLANG_WARN_BOOL_CONVERSION = YES;
				CLANG_WARN_COMMA = YES;
				CLANG_WARN_CONSTANT_CONVERSION = YES;
				CLANG_WARN_DIRECT_OBJC_ISA_USAGE = YES_ERROR;
				CLANG_WARN_DOCUMENTATION_COMMENTS = YES;
				CLANG_WARN_EMPTY_BODY = YES;
				CLANG_WARN_ENUM_CONVERSION = YES;
				CLANG_WARN_INFINITE_RECURSION = YES;
				CLANG_WARN_INT_CONVERSION = YES;
				CLANG_WARN_NON_LITERAL_NULL_CONVERSION = YES;
				CLANG_WARN_OBJC_LITERAL_CONVERSION = YES;
				CLANG_WARN_OBJC_ROOT_CLASS = YES_ERROR;
				CLANG_WARN_RANGE_LOOP_ANALYSIS = YES;
				CLANG_WARN_STRICT_PROTOTYPES = YES;
				CLANG_WARN_SUSPICIOUS_MOVE = YES;
				CLANG_WARN_UNGUARDED_AVAILABILITY = YES_AGGRESSIVE;
				CLANG_WARN_UNREACHABLE_CODE = YES;
				CLANG_WARN__DUPLICATE_METHOD_MATCH = YES;
				CODE_SIGN_IDENTITY = "iPhone Developer";
				COPY_PHASE_STRIP = NO;
				DEBUG_INFORMATION_FORMAT = "dwarf-with-dsym";
				ENABLE_NS_ASSERTIONS = NO;
				ENABLE_STRICT_OBJC_MSGSEND = YES;
				GCC_C_LANGUAGE_STANDARD = gnu11;
				GCC_NO_COMMON_BLOCKS = YES;
				GCC_WARN_64_TO_32_BIT_CONVERSION = YES;
				GCC_WARN_ABOUT_RETURN_TYPE = YES_ERROR;
				GCC_WARN_UNDECLARED_SELECTOR = YES;
				GCC_WARN_UNINITIALIZED_AUTOS = YES_AGGRESSIVE;
				GCC_WARN_UNUSED_FUNCTION = YES;
				GCC_WARN_UNUSED_VARIABLE = YES;
				IPHONEOS_DEPLOYMENT_TARGET = 11.0;
				MTL_ENABLE_DEBUG_INFO = NO;
				SDKROOT = iphoneos;
				SWIFT_OPTIMIZATION_LEVEL = "-Owholemodule";
				VALIDATE_PRODUCT = YES;
			};
			name = Release;
		};
		6E0CAA491F913A50001301F2 /* Debug */ = {
			isa = XCBuildConfiguration;
			baseConfigurationReference = 007B56967FC17AF4F51351D8 /* Pods-MovieApp.debug.xcconfig */;
			buildSettings = {
				ALWAYS_EMBED_SWIFT_STANDARD_LIBRARIES = YES;
				ASSETCATALOG_COMPILER_APPICON_NAME = AppIcon;
				CODE_SIGN_STYLE = Automatic;
				DEVELOPMENT_TEAM = WFF35589FB;
				INFOPLIST_FILE = MovieApp/Info.plist;
				LD_RUNPATH_SEARCH_PATHS = "$(inherited) @executable_path/Frameworks";
				PRODUCT_BUNDLE_IDENTIFIER = com.citicapps.MovieApp;
				PRODUCT_NAME = "$(TARGET_NAME)";
				SWIFT_VERSION = 4.0;
				TARGETED_DEVICE_FAMILY = "1,2";
			};
			name = Debug;
		};
		6E0CAA4A1F913A50001301F2 /* Release */ = {
			isa = XCBuildConfiguration;
			baseConfigurationReference = 605F61E01A649DE5DFBA9D8F /* Pods-MovieApp.release.xcconfig */;
			buildSettings = {
				ALWAYS_EMBED_SWIFT_STANDARD_LIBRARIES = YES;
				ASSETCATALOG_COMPILER_APPICON_NAME = AppIcon;
				CODE_SIGN_STYLE = Automatic;
				DEVELOPMENT_TEAM = WFF35589FB;
				INFOPLIST_FILE = MovieApp/Info.plist;
				LD_RUNPATH_SEARCH_PATHS = "$(inherited) @executable_path/Frameworks";
				PRODUCT_BUNDLE_IDENTIFIER = com.citicapps.MovieApp;
				PRODUCT_NAME = "$(TARGET_NAME)";
				SWIFT_VERSION = 4.0;
				TARGETED_DEVICE_FAMILY = "1,2";
			};
			name = Release;
		};
		6E0CAA4C1F913A50001301F2 /* Debug */ = {
			isa = XCBuildConfiguration;
			baseConfigurationReference = D5AA9BA71FD66CAA44A1C2BD /* Pods-MovieAppTests.debug.xcconfig */;
			buildSettings = {
				ALWAYS_EMBED_SWIFT_STANDARD_LIBRARIES = YES;
				BUNDLE_LOADER = "$(TEST_HOST)";
				CODE_SIGN_STYLE = Automatic;
				DEVELOPMENT_TEAM = WFF35589FB;
				INFOPLIST_FILE = MovieAppTests/Info.plist;
				LD_RUNPATH_SEARCH_PATHS = "$(inherited) @executable_path/Frameworks @loader_path/Frameworks";
				PRODUCT_BUNDLE_IDENTIFIER = com.citicapps.MovieAppTests;
				PRODUCT_NAME = "$(TARGET_NAME)";
				SWIFT_VERSION = 4.0;
				TARGETED_DEVICE_FAMILY = "1,2";
				TEST_HOST = "$(BUILT_PRODUCTS_DIR)/MovieApp.app/MovieApp";
			};
			name = Debug;
		};
		6E0CAA4D1F913A50001301F2 /* Release */ = {
			isa = XCBuildConfiguration;
			baseConfigurationReference = CCF63E473883B858FB756005 /* Pods-MovieAppTests.release.xcconfig */;
			buildSettings = {
				ALWAYS_EMBED_SWIFT_STANDARD_LIBRARIES = YES;
				BUNDLE_LOADER = "$(TEST_HOST)";
				CODE_SIGN_STYLE = Automatic;
				DEVELOPMENT_TEAM = WFF35589FB;
				INFOPLIST_FILE = MovieAppTests/Info.plist;
				LD_RUNPATH_SEARCH_PATHS = "$(inherited) @executable_path/Frameworks @loader_path/Frameworks";
				PRODUCT_BUNDLE_IDENTIFIER = com.citicapps.MovieAppTests;
				PRODUCT_NAME = "$(TARGET_NAME)";
				SWIFT_VERSION = 4.0;
				TARGETED_DEVICE_FAMILY = "1,2";
				TEST_HOST = "$(BUILT_PRODUCTS_DIR)/MovieApp.app/MovieApp";
			};
			name = Release;
		};
		6E0CAA4F1F913A50001301F2 /* Debug */ = {
			isa = XCBuildConfiguration;
			baseConfigurationReference = B82E22148E31319D6E8CD6D5 /* Pods-MovieAppUITests.debug.xcconfig */;
			buildSettings = {
				ALWAYS_EMBED_SWIFT_STANDARD_LIBRARIES = YES;
				CODE_SIGN_STYLE = Automatic;
				DEVELOPMENT_TEAM = WFF35589FB;
				INFOPLIST_FILE = MovieAppUITests/Info.plist;
				LD_RUNPATH_SEARCH_PATHS = "$(inherited) @executable_path/Frameworks @loader_path/Frameworks";
				PRODUCT_BUNDLE_IDENTIFIER = com.citicapps.MovieAppUITests;
				PRODUCT_NAME = "$(TARGET_NAME)";
				SWIFT_VERSION = 4.0;
				TARGETED_DEVICE_FAMILY = "1,2";
				TEST_TARGET_NAME = MovieApp;
			};
			name = Debug;
		};
		6E0CAA501F913A50001301F2 /* Release */ = {
			isa = XCBuildConfiguration;
			baseConfigurationReference = 70668858541B617BF3BEB148 /* Pods-MovieAppUITests.release.xcconfig */;
			buildSettings = {
				ALWAYS_EMBED_SWIFT_STANDARD_LIBRARIES = YES;
				CODE_SIGN_STYLE = Automatic;
				DEVELOPMENT_TEAM = WFF35589FB;
				INFOPLIST_FILE = MovieAppUITests/Info.plist;
				LD_RUNPATH_SEARCH_PATHS = "$(inherited) @executable_path/Frameworks @loader_path/Frameworks";
				PRODUCT_BUNDLE_IDENTIFIER = com.citicapps.MovieAppUITests;
				PRODUCT_NAME = "$(TARGET_NAME)";
				SWIFT_VERSION = 4.0;
				TARGETED_DEVICE_FAMILY = "1,2";
				TEST_TARGET_NAME = MovieApp;
			};
			name = Release;
		};
/* End XCBuildConfiguration section */

/* Begin XCConfigurationList section */
		6E0CAA181F913A50001301F2 /* Build configuration list for PBXProject "MovieApp" */ = {
			isa = XCConfigurationList;
			buildConfigurations = (
				6E0CAA461F913A50001301F2 /* Debug */,
				6E0CAA471F913A50001301F2 /* Release */,
			);
			defaultConfigurationIsVisible = 0;
			defaultConfigurationName = Release;
		};
		6E0CAA481F913A50001301F2 /* Build configuration list for PBXNativeTarget "MovieApp" */ = {
			isa = XCConfigurationList;
			buildConfigurations = (
				6E0CAA491F913A50001301F2 /* Debug */,
				6E0CAA4A1F913A50001301F2 /* Release */,
			);
			defaultConfigurationIsVisible = 0;
			defaultConfigurationName = Release;
		};
		6E0CAA4B1F913A50001301F2 /* Build configuration list for PBXNativeTarget "MovieAppTests" */ = {
			isa = XCConfigurationList;
			buildConfigurations = (
				6E0CAA4C1F913A50001301F2 /* Debug */,
				6E0CAA4D1F913A50001301F2 /* Release */,
			);
			defaultConfigurationIsVisible = 0;
			defaultConfigurationName = Release;
		};
		6E0CAA4E1F913A50001301F2 /* Build configuration list for PBXNativeTarget "MovieAppUITests" */ = {
			isa = XCConfigurationList;
			buildConfigurations = (
				6E0CAA4F1F913A50001301F2 /* Debug */,
				6E0CAA501F913A50001301F2 /* Release */,
			);
			defaultConfigurationIsVisible = 0;
			defaultConfigurationName = Release;
		};
/* End XCConfigurationList section */

/* Begin XCVersionGroup section */
		6E0CAA271F913A50001301F2 /* MovieApp.xcdatamodeld */ = {
			isa = XCVersionGroup;
			children = (
				6E0CAA281F913A50001301F2 /* MovieApp.xcdatamodel */,
			);
			currentVersion = 6E0CAA281F913A50001301F2 /* MovieApp.xcdatamodel */;
			path = MovieApp.xcdatamodeld;
			sourceTree = "<group>";
			versionGroupType = wrapper.xcdatamodel;
		};
/* End XCVersionGroup section */
	};
	rootObject = 6E0CAA151F913A50001301F2 /* Project object */;
}
